version = 1
revision = 3
requires-python = "==3.11.*"

[[package]]
name = "blender-kitti"
version = "0.4.1"
source = { editable = "." }
dependencies = [
    { name = "bpy" },
    { name = "click" },
    { name = "decorator" },
    { name = "numpy" },
    { name = "ruamel-yaml" },
    { name = "tyro" },
]

[package.metadata]
requires-dist = [
    { name = "bpy", specifier = ">=4.5.3" },
    { name = "click" },
    { name = "decorator" },
    { name = "numpy" },
    { name = "ruamel-yaml" },
    { name = "tyro", specifier = ">=0.9.31" },
]

[[package]]
name = "bpy"
version = "4.5.3"
source = { registry = "https://pypi.org/simple" }
dependencies = [
    { name = "cython" },
    { name = "numpy" },
    { name = "requests" },
    { name = "zstandard" },
]
wheels = [
    { url = "https://files.pythonhosted.org/packages/01/3c/6dcf4105984ae6c585843643800017d8f1334ccee91d2bec066c698e56d9/bpy-4.5.3-cp311-cp311-macosx_11_0_arm64.whl", hash = "sha256:c2891cd2b2356e132603c1b83db96c94e5736f5afc8a8ca549518a583b7cfaee", size = 220903594, upload-time = "2025-09-09T10:02:27.678Z" },
    { url = "https://files.pythonhosted.org/packages/8b/ef/ec4052eb33df884e5966253276d85698103fe49c886b10ee58abfbc90f0b/bpy-4.5.3-cp311-cp311-macosx_11_0_x86_64.whl", hash = "sha256:e61cf0b884311de1bfb5143c6669852c41fe28a6c7e7589efc7bc2d1f37bdf56", size = 235138031, upload-time = "2025-09-09T10:07:08.209Z" },
    { url = "https://files.pythonhosted.org/packages/94/7d/d37940096b04c2229447af5a24dbf2d73514e306a8512319f40fd2de46ca/bpy-4.5.3-cp311-cp311-manylinux_2_28_x86_64.whl", hash = "sha256:8badbbeacce3317ca45c0963aa660f2587e2b3b707f618f9ea9af217e4049ec7", size = 373007009, upload-time = "2025-09-09T09:59:40.988Z" },
    { url = "https://files.pythonhosted.org/packages/69/a3/0f2d56f546c7ec3512deaf34af5cd7aff13ab8e4d09868b2a6851840d69f/bpy-4.5.3-cp311-cp311-win_amd64.whl", hash = "sha256:843b4d853c11636592f97521b6e82740799712078cca84555f47389aaffd25f4", size = 326614954, upload-time = "2025-09-09T11:19:42.97Z" },
    { url = "https://files.pythonhosted.org/packages/f0/9e/d4d3a10d42e3a1e6136fd9aa3bb5600ff0e465a22a9255763fabea8cd57b/bpy-4.5.3-cp311-cp311-win_arm64.whl", hash = "sha256:4df4fd54e243c69fa64b88e922754430c25fba21b2481d889bad1131c9591537", size = 194080554, upload-time = "2025-09-09T10:04:26.776Z" },
]

[[package]]
name = "certifi"
version = "2025.8.3"
source = { registry = "https://pypi.org/simple" }
sdist = { url = "https://files.pythonhosted.org/packages/dc/67/960ebe6bf230a96cda2e0abcf73af550ec4f090005363542f0765df162e0/certifi-2025.8.3.tar.gz", hash = "sha256:e564105f78ded564e3ae7c923924435e1daa7463faeab5bb932bc53ffae63407", size = 162386, upload-time = "2025-08-03T03:07:47.08Z" }
wheels = [
    { url = "https://files.pythonhosted.org/packages/e5/48/1549795ba7742c948d2ad169c1c8cdbae65bc450d6cd753d124b17c8cd32/certifi-2025.8.3-py3-none-any.whl", hash = "sha256:f6c12493cfb1b06ba2ff328595af9350c65d6644968e5d3a2ffd78699af217a5", size = 161216, upload-time = "2025-08-03T03:07:45.777Z" },
]

[[package]]
name = "charset-normalizer"
version = "3.4.3"
source = { registry = "https://pypi.org/simple" }
sdist = { url = "https://files.pythonhosted.org/packages/83/2d/5fd176ceb9b2fc619e63405525573493ca23441330fcdaee6bef9460e924/charset_normalizer-3.4.3.tar.gz", hash = "sha256:6fce4b8500244f6fcb71465d4a4930d132ba9ab8e71a7859e6a5d59851068d14", size = 122371, upload-time = "2025-08-09T07:57:28.46Z" }
wheels = [
    { url = "https://files.pythonhosted.org/packages/7f/b5/991245018615474a60965a7c9cd2b4efbaabd16d582a5547c47ee1c7730b/charset_normalizer-3.4.3-cp311-cp311-macosx_10_9_universal2.whl", hash = "sha256:b256ee2e749283ef3ddcff51a675ff43798d92d746d1a6e4631bf8c707d22d0b", size = 204483, upload-time = "2025-08-09T07:55:53.12Z" },
    { url = "https://files.pythonhosted.org/packages/c7/2a/ae245c41c06299ec18262825c1569c5d3298fc920e4ddf56ab011b417efd/charset_normalizer-3.4.3-cp311-cp311-manylinux2014_aarch64.manylinux_2_17_aarch64.manylinux_2_28_aarch64.whl", hash = "sha256:13faeacfe61784e2559e690fc53fa4c5ae97c6fcedb8eb6fb8d0a15b475d2c64", size = 145520, upload-time = "2025-08-09T07:55:54.712Z" },
    { url = "https://files.pythonhosted.org/packages/3a/a4/b3b6c76e7a635748c4421d2b92c7b8f90a432f98bda5082049af37ffc8e3/charset_normalizer-3.4.3-cp311-cp311-manylinux2014_ppc64le.manylinux_2_17_ppc64le.manylinux_2_28_ppc64le.whl", hash = "sha256:00237675befef519d9af72169d8604a067d92755e84fe76492fef5441db05b91", size = 158876, upload-time = "2025-08-09T07:55:56.024Z" },
    { url = "https://files.pythonhosted.org/packages/e2/e6/63bb0e10f90a8243c5def74b5b105b3bbbfb3e7bb753915fe333fb0c11ea/charset_normalizer-3.4.3-cp311-cp311-manylinux2014_s390x.manylinux_2_17_s390x.manylinux_2_28_s390x.whl", hash = "sha256:585f3b2a80fbd26b048a0be90c5aae8f06605d3c92615911c3a2b03a8a3b796f", size = 156083, upload-time = "2025-08-09T07:55:57.582Z" },
    { url = "https://files.pythonhosted.org/packages/87/df/b7737ff046c974b183ea9aa111b74185ac8c3a326c6262d413bd5a1b8c69/charset_normalizer-3.4.3-cp311-cp311-manylinux2014_x86_64.manylinux_2_17_x86_64.manylinux_2_28_x86_64.whl", hash = "sha256:0e78314bdc32fa80696f72fa16dc61168fda4d6a0c014e0380f9d02f0e5d8a07", size = 150295, upload-time = "2025-08-09T07:55:59.147Z" },
    { url = "https://files.pythonhosted.org/packages/61/f1/190d9977e0084d3f1dc169acd060d479bbbc71b90bf3e7bf7b9927dec3eb/charset_normalizer-3.4.3-cp311-cp311-musllinux_1_2_aarch64.whl", hash = "sha256:96b2b3d1a83ad55310de8c7b4a2d04d9277d5591f40761274856635acc5fcb30", size = 148379, upload-time = "2025-08-09T07:56:00.364Z" },
    { url = "https://files.pythonhosted.org/packages/4c/92/27dbe365d34c68cfe0ca76f1edd70e8705d82b378cb54ebbaeabc2e3029d/charset_normalizer-3.4.3-cp311-cp311-musllinux_1_2_ppc64le.whl", hash = "sha256:939578d9d8fd4299220161fdd76e86c6a251987476f5243e8864a7844476ba14", size = 160018, upload-time = "2025-08-09T07:56:01.678Z" },
    { url = "https://files.pythonhosted.org/packages/99/04/baae2a1ea1893a01635d475b9261c889a18fd48393634b6270827869fa34/charset_normalizer-3.4.3-cp311-cp311-musllinux_1_2_s390x.whl", hash = "sha256:fd10de089bcdcd1be95a2f73dbe6254798ec1bda9f450d5828c96f93e2536b9c", size = 157430, upload-time = "2025-08-09T07:56:02.87Z" },
    { url = "https://files.pythonhosted.org/packages/2f/36/77da9c6a328c54d17b960c89eccacfab8271fdaaa228305330915b88afa9/charset_normalizer-3.4.3-cp311-cp311-musllinux_1_2_x86_64.whl", hash = "sha256:1e8ac75d72fa3775e0b7cb7e4629cec13b7514d928d15ef8ea06bca03ef01cae", size = 151600, upload-time = "2025-08-09T07:56:04.089Z" },
    { url = "https://files.pythonhosted.org/packages/64/d4/9eb4ff2c167edbbf08cdd28e19078bf195762e9bd63371689cab5ecd3d0d/charset_normalizer-3.4.3-cp311-cp311-win32.whl", hash = "sha256:6cf8fd4c04756b6b60146d98cd8a77d0cdae0e1ca20329da2ac85eed779b6849", size = 99616, upload-time = "2025-08-09T07:56:05.658Z" },
    { url = "https://files.pythonhosted.org/packages/f4/9c/996a4a028222e7761a96634d1820de8a744ff4327a00ada9c8942033089b/charset_normalizer-3.4.3-cp311-cp311-win_amd64.whl", hash = "sha256:31a9a6f775f9bcd865d88ee350f0ffb0e25936a7f930ca98995c05abf1faf21c", size = 107108, upload-time = "2025-08-09T07:56:07.176Z" },
    { url = "https://files.pythonhosted.org/packages/8a/1f/f041989e93b001bc4e44bb1669ccdcf54d3f00e628229a85b08d330615c5/charset_normalizer-3.4.3-py3-none-any.whl", hash = "sha256:ce571ab16d890d23b5c278547ba694193a45011ff86a9162a71307ed9f86759a", size = 53175, upload-time = "2025-08-09T07:57:26.864Z" },
]

[[package]]
name = "click"
version = "8.2.1"
source = { registry = "https://pypi.org/simple" }
dependencies = [
    { name = "colorama", marker = "sys_platform == 'win32'" },
]
sdist = { url = "https://files.pythonhosted.org/packages/60/6c/8ca2efa64cf75a977a0d7fac081354553ebe483345c734fb6b6515d96bbc/click-8.2.1.tar.gz", hash = "sha256:27c491cc05d968d271d5a1db13e3b5a184636d9d930f148c50b038f0d0646202", size = 286342, upload-time = "2025-05-20T23:19:49.832Z" }
wheels = [
    { url = "https://files.pythonhosted.org/packages/85/32/10bb5764d90a8eee674e9dc6f4db6a0ab47c8c4d0d83c27f7c39ac415a4d/click-8.2.1-py3-none-any.whl", hash = "sha256:61a3265b914e850b85317d0b3109c7f8cd35a670f963866005d6ef1d5175a12b", size = 102215, upload-time = "2025-05-20T23:19:47.796Z" },
]

[[package]]
name = "colorama"
version = "0.4.6"
source = { registry = "https://pypi.org/simple" }
sdist = { url = "https://files.pythonhosted.org/packages/d8/53/6f443c9a4a8358a93a6792e2acffb9d9d5cb0a5cfd8802644b7b1c9a02e4/colorama-0.4.6.tar.gz", hash = "sha256:08695f5cb7ed6e0531a20572697297273c47b8cae5a63ffc6d6ed5c201be6e44", size = 27697, upload-time = "2022-10-25T02:36:22.414Z" }
wheels = [
    { url = "https://files.pythonhosted.org/packages/d1/d6/3965ed04c63042e047cb6a3e6ed1a63a35087b6a609aa3a15ed8ac56c221/colorama-0.4.6-py2.py3-none-any.whl", hash = "sha256:4f1d9991f5acc0ca119f9d443620b77f9d6b33703e51011c16baf57afb285fc6", size = 25335, upload-time = "2022-10-25T02:36:20.889Z" },
]

[[package]]
name = "cython"
version = "3.1.3"
source = { registry = "https://pypi.org/simple" }
sdist = { url = "https://files.pythonhosted.org/packages/18/ab/915337fb39ab4f4539a313df38fc69938df3bf14141b90d61dfd5c2919de/cython-3.1.3.tar.gz", hash = "sha256:10ee785e42328924b78f75a74f66a813cb956b4a9bc91c44816d089d5934c089", size = 3186689, upload-time = "2025-08-13T06:19:13.619Z" }
wheels = [
    { url = "https://files.pythonhosted.org/packages/b5/51/54f5d1bed7b7d003d0584996a030542497aeb05b9241782c217ea71061f5/cython-3.1.3-cp311-cp311-macosx_10_9_x86_64.whl", hash = "sha256:4b3b2f6587b42efdece2d174a2aa4234da4524cc6673f3955c2e62b60c6d11fd", size = 3002973, upload-time = "2025-08-13T06:19:50.777Z" },
    { url = "https://files.pythonhosted.org/packages/05/07/b4043fed60070ee21b0d9ff3a877d2ecdc79231e55119ce852b79b690306/cython-3.1.3-cp311-cp311-macosx_11_0_arm64.whl", hash = "sha256:963cf640d049fcca1cefd62d1653f859892d6dc8e4d958eb49a5babc491de6a1", size = 2865389, upload-time = "2025-08-13T06:19:52.675Z" },
    { url = "https://files.pythonhosted.org/packages/b4/e3/67d349b5310a40f281e153e826ca24d9f7ba2997c06800eda781253dccfd/cython-3.1.3-cp311-cp311-manylinux1_i686.manylinux_2_28_i686.manylinux_2_5_i686.whl", hash = "sha256:2ab05d1bf2d5522ecff35d94ca233b77db2300413597c3ca0b6448377fa4bd7c", size = 3410316, upload-time = "2025-08-13T06:19:55.217Z" },
    { url = "https://files.pythonhosted.org/packages/49/c4/84aae921135174111091547fa726ea5f8bba718cd12b2589a70c2aab8d5c/cython-3.1.3-cp311-cp311-manylinux2014_aarch64.manylinux_2_17_aarch64.manylinux_2_28_aarch64.whl", hash = "sha256:cd517e3be052fb49443585b01f02f46080b3408e32c1108a0fdc4cc25b3c9d30", size = 3189568, upload-time = "2025-08-13T06:19:57.503Z" },
    { url = "https://files.pythonhosted.org/packages/e2/85/1bf18883f1a1f656ad83a671e54553caedb1ee2f39a3e792a14aa82557a2/cython-3.1.3-cp311-cp311-manylinux2014_x86_64.manylinux_2_17_x86_64.manylinux_2_28_x86_64.whl", hash = "sha256:a48e2180d74e3c528561d85b48f9a939a429537f9ea8aac7fb16180e7bff47e2", size = 3312649, upload-time = "2025-08-13T06:19:59.894Z" },
    { url = "https://files.pythonhosted.org/packages/68/da/cc1373decc0d14a25f1b434f47de5e27696f3092319aa5e19fcf84157415/cython-3.1.3-cp311-cp311-musllinux_1_2_aarch64.whl", hash = "sha256:e7c9daa90b15f59aa2a0d638ac1b36777a7e80122099952a0295c71190ce14bc", size = 3203821, upload-time = "2025-08-13T06:20:02.124Z" },
    { url = "https://files.pythonhosted.org/packages/0a/32/e10582d6f7b02ee63607f388dbbd34e329c54559c85961ddc5c655266519/cython-3.1.3-cp311-cp311-musllinux_1_2_i686.whl", hash = "sha256:08ac646ff42781827f23b7a9b61669cdb92055f52724cd8cbe0e1defc56fce2e", size = 3426853, upload-time = "2025-08-13T06:20:04.474Z" },
    { url = "https://files.pythonhosted.org/packages/e0/da/5b0d1b5a4c7622ec812ad9374c9c6b426d69818f13f51e36f4f25ca01c86/cython-3.1.3-cp311-cp311-musllinux_1_2_x86_64.whl", hash = "sha256:bb0e0e7fceaffa22e4dc9600f7f75998eef5cc6ac5a8c0733b482851ba765ef2", size = 3328872, upload-time = "2025-08-13T06:20:06.834Z" },
    { url = "https://files.pythonhosted.org/packages/b0/5f/f102f6c8d27338f0baf094754c67f920828a19612053abc903e66f84506f/cython-3.1.3-cp311-cp311-win32.whl", hash = "sha256:42b1c3ebe36a52e2a8e939c0651e9ca5d30b81d03f800bbf0499deb0503ab565", size = 2480850, upload-time = "2025-08-13T06:20:08.988Z" },
    { url = "https://files.pythonhosted.org/packages/b7/60/415d0f0f7c2e227707baec11c968387d33507d2eb7f26a2950a323c705e5/cython-3.1.3-cp311-cp311-win_amd64.whl", hash = "sha256:34a973844998281951bf54cdd0b6a9946ba03ba94580820738583a00da167d8f", size = 2712560, upload-time = "2025-08-13T06:20:11.877Z" },
    { url = "https://files.pythonhosted.org/packages/56/c8/46ac27096684f33e27dab749ef43c6b0119c6a0d852971eaefb73256dc4c/cython-3.1.3-py3-none-any.whl", hash = "sha256:d13025b34f72f77bf7f65c1cd628914763e6c285f4deb934314c922b91e6be5a", size = 1225725, upload-time = "2025-08-13T06:19:09.593Z" },
]

[[package]]
name = "decorator"
version = "5.2.1"
source = { registry = "https://pypi.org/simple" }
sdist = { url = "https://files.pythonhosted.org/packages/43/fa/6d96a0978d19e17b68d634497769987b16c8f4cd0a7a05048bec693caa6b/decorator-5.2.1.tar.gz", hash = "sha256:65f266143752f734b0a7cc83c46f4618af75b8c5911b00ccb61d0ac9b6da0360", size = 56711, upload-time = "2025-02-24T04:41:34.073Z" }
wheels = [
    { url = "https://files.pythonhosted.org/packages/4e/8c/f3147f5c4b73e7550fe5f9352eaa956ae838d5c51eb58e7a25b9f3e2643b/decorator-5.2.1-py3-none-any.whl", hash = "sha256:d316bb415a2d9e2d2b3abcc4084c6502fc09240e292cd76a76afc106a1c8e04a", size = 9190, upload-time = "2025-02-24T04:41:32.565Z" },
]

[[package]]
name = "docstring-parser"
version = "0.17.0"
source = { registry = "https://pypi.org/simple" }
sdist = { url = "https://files.pythonhosted.org/packages/b2/9d/c3b43da9515bd270df0f80548d9944e389870713cc1fe2b8fb35fe2bcefd/docstring_parser-0.17.0.tar.gz", hash = "sha256:583de4a309722b3315439bb31d64ba3eebada841f2e2cee23b99df001434c912", size = 27442, upload-time = "2025-07-21T07:35:01.868Z" }
wheels = [
    { url = "https://files.pythonhosted.org/packages/55/e2/2537ebcff11c1ee1ff17d8d0b6f4db75873e3b0fb32c2d4a2ee31ecb310a/docstring_parser-0.17.0-py3-none-any.whl", hash = "sha256:cf2569abd23dce8099b300f9b4fa8191e9582dda731fd533daf54c4551658708", size = 36896, upload-time = "2025-07-21T07:35:00.684Z" },
]

[[package]]
name = "idna"
version = "3.10"
source = { registry = "https://pypi.org/simple" }
sdist = { url = "https://files.pythonhosted.org/packages/f1/70/7703c29685631f5a7590aa73f1f1d3fa9a380e654b86af429e0934a32f7d/idna-3.10.tar.gz", hash = "sha256:12f65c9b470abda6dc35cf8e63cc574b1c52b11df2c86030af0ac09b01b13ea9", size = 190490, upload-time = "2024-09-15T18:07:39.745Z" }
wheels = [
    { url = "https://files.pythonhosted.org/packages/76/c6/c88e154df9c4e1a2a66ccf0005a88dfb2650c1dffb6f5ce603dfbd452ce3/idna-3.10-py3-none-any.whl", hash = "sha256:946d195a0d259cbba61165e88e65941f16e9b36ea6ddb97f00452bae8b1287d3", size = 70442, upload-time = "2024-09-15T18:07:37.964Z" },
]

[[package]]
name = "markdown-it-py"
version = "4.0.0"
source = { registry = "https://pypi.org/simple" }
dependencies = [
    { name = "mdurl" },
]
sdist = { url = "https://files.pythonhosted.org/packages/5b/f5/4ec618ed16cc4f8fb3b701563655a69816155e79e24a17b651541804721d/markdown_it_py-4.0.0.tar.gz", hash = "sha256:cb0a2b4aa34f932c007117b194e945bd74e0ec24133ceb5bac59009cda1cb9f3", size = 73070, upload-time = "2025-08-11T12:57:52.854Z" }
wheels = [
    { url = "https://files.pythonhosted.org/packages/94/54/e7d793b573f298e1c9013b8c4dade17d481164aa517d1d7148619c2cedbf/markdown_it_py-4.0.0-py3-none-any.whl", hash = "sha256:87327c59b172c5011896038353a81343b6754500a08cd7a4973bb48c6d578147", size = 87321, upload-time = "2025-08-11T12:57:51.923Z" },
]

[[package]]
name = "mdurl"
version = "0.1.2"
source = { registry = "https://pypi.org/simple" }
sdist = { url = "https://files.pythonhosted.org/packages/d6/54/cfe61301667036ec958cb99bd3efefba235e65cdeb9c84d24a8293ba1d90/mdurl-0.1.2.tar.gz", hash = "sha256:bb413d29f5eea38f31dd4754dd7377d4465116fb207585f97bf925588687c1ba", size = 8729, upload-time = "2022-08-14T12:40:10.846Z" }
wheels = [
    { url = "https://files.pythonhosted.org/packages/b3/38/89ba8ad64ae25be8de66a6d463314cf1eb366222074cfda9ee839c56a4b4/mdurl-0.1.2-py3-none-any.whl", hash = "sha256:84008a41e51615a49fc9966191ff91509e3c40b939176e643fd50a5c2196b8f8", size = 9979, upload-time = "2022-08-14T12:40:09.779Z" },
]

[[package]]
name = "numpy"
version = "1.26.4"
source = { registry = "https://pypi.org/simple" }
sdist = { url = "https://files.pythonhosted.org/packages/65/6e/09db70a523a96d25e115e71cc56a6f9031e7b8cd166c1ac8438307c14058/numpy-1.26.4.tar.gz", hash = "sha256:2a02aba9ed12e4ac4eb3ea9421c420301a0c6460d9830d74a9df87efa4912010", size = 15786129, upload-time = "2024-02-06T00:26:44.495Z" }
wheels = [
    { url = "https://files.pythonhosted.org/packages/11/57/baae43d14fe163fa0e4c47f307b6b2511ab8d7d30177c491960504252053/numpy-1.26.4-cp311-cp311-macosx_10_9_x86_64.whl", hash = "sha256:4c66707fabe114439db9068ee468c26bbdf909cac0fb58686a42a24de1760c71", size = 20630554, upload-time = "2024-02-05T23:51:50.149Z" },
    { url = "https://files.pythonhosted.org/packages/1a/2e/151484f49fd03944c4a3ad9c418ed193cfd02724e138ac8a9505d056c582/numpy-1.26.4-cp311-cp311-macosx_11_0_arm64.whl", hash = "sha256:edd8b5fe47dab091176d21bb6de568acdd906d1887a4584a15a9a96a1dca06ef", size = 13997127, upload-time = "2024-02-05T23:52:15.314Z" },
    { url = "https://files.pythonhosted.org/packages/79/ae/7e5b85136806f9dadf4878bf73cf223fe5c2636818ba3ab1c585d0403164/numpy-1.26.4-cp311-cp311-manylinux_2_17_aarch64.manylinux2014_aarch64.whl", hash = "sha256:7ab55401287bfec946ced39700c053796e7cc0e3acbef09993a9ad2adba6ca6e", size = 14222994, upload-time = "2024-02-05T23:52:47.569Z" },
    { url = "https://files.pythonhosted.org/packages/3a/d0/edc009c27b406c4f9cbc79274d6e46d634d139075492ad055e3d68445925/numpy-1.26.4-cp311-cp311-manylinux_2_17_x86_64.manylinux2014_x86_64.whl", hash = "sha256:666dbfb6ec68962c033a450943ded891bed2d54e6755e35e5835d63f4f6931d5", size = 18252005, upload-time = "2024-02-05T23:53:15.637Z" },
    { url = "https://files.pythonhosted.org/packages/09/bf/2b1aaf8f525f2923ff6cfcf134ae5e750e279ac65ebf386c75a0cf6da06a/numpy-1.26.4-cp311-cp311-musllinux_1_1_aarch64.whl", hash = "sha256:96ff0b2ad353d8f990b63294c8986f1ec3cb19d749234014f4e7eb0112ceba5a", size = 13885297, upload-time = "2024-02-05T23:53:42.16Z" },
    { url = "https://files.pythonhosted.org/packages/df/a0/4e0f14d847cfc2a633a1c8621d00724f3206cfeddeb66d35698c4e2cf3d2/numpy-1.26.4-cp311-cp311-musllinux_1_1_x86_64.whl", hash = "sha256:60dedbb91afcbfdc9bc0b1f3f402804070deed7392c23eb7a7f07fa857868e8a", size = 18093567, upload-time = "2024-02-05T23:54:11.696Z" },
    { url = "https://files.pythonhosted.org/packages/d2/b7/a734c733286e10a7f1a8ad1ae8c90f2d33bf604a96548e0a4a3a6739b468/numpy-1.26.4-cp311-cp311-win32.whl", hash = "sha256:1af303d6b2210eb850fcf03064d364652b7120803a0b872f5211f5234b399f20", size = 5968812, upload-time = "2024-02-05T23:54:26.453Z" },
    { url = "https://files.pythonhosted.org/packages/3f/6b/5610004206cf7f8e7ad91c5a85a8c71b2f2f8051a0c0c4d5916b76d6cbb2/numpy-1.26.4-cp311-cp311-win_amd64.whl", hash = "sha256:cd25bcecc4974d09257ffcd1f098ee778f7834c3ad767fe5db785be9a4aa9cb2", size = 15811913, upload-time = "2024-02-05T23:54:53.933Z" },
]

[[package]]
name = "pygments"
version = "2.19.2"
source = { registry = "https://pypi.org/simple" }
sdist = { url = "https://files.pythonhosted.org/packages/b0/77/a5b8c569bf593b0140bde72ea885a803b82086995367bf2037de0159d924/pygments-2.19.2.tar.gz", hash = "sha256:636cb2477cec7f8952536970bc533bc43743542f70392ae026374600add5b887", size = 4968631, upload-time = "2025-06-21T13:39:12.283Z" }
wheels = [
    { url = "https://files.pythonhosted.org/packages/c7/21/705964c7812476f378728bdf590ca4b771ec72385c533964653c68e86bdc/pygments-2.19.2-py3-none-any.whl", hash = "sha256:86540386c03d588bb81d44bc3928634ff26449851e99741617ecb9037ee5ec0b", size = 1225217, upload-time = "2025-06-21T13:39:07.939Z" },
]

[[package]]
name = "requests"
version = "2.32.5"
source = { registry = "https://pypi.org/simple" }
dependencies = [
    { name = "certifi" },
    { name = "charset-normalizer" },
    { name = "idna" },
    { name = "urllib3" },
]
sdist = { url = "https://files.pythonhosted.org/packages/c9/74/b3ff8e6c8446842c3f5c837e9c3dfcfe2018ea6ecef224c710c85ef728f4/requests-2.32.5.tar.gz", hash = "sha256:dbba0bac56e100853db0ea71b82b4dfd5fe2bf6d3754a8893c3af500cec7d7cf", size = 134517, upload-time = "2025-08-18T20:46:02.573Z" }
wheels = [
    { url = "https://files.pythonhosted.org/packages/1e/db/4254e3eabe8020b458f1a747140d32277ec7a271daf1d235b70dc0b4e6e3/requests-2.32.5-py3-none-any.whl", hash = "sha256:2462f94637a34fd532264295e186976db0f5d453d1cdd31473c85a6a161affb6", size = 64738, upload-time = "2025-08-18T20:46:00.542Z" },
]

[[package]]
name = "rich"
version = "14.1.0"
source = { registry = "https://pypi.org/simple" }
dependencies = [
    { name = "markdown-it-py" },
    { name = "pygments" },
]
sdist = { url = "https://files.pythonhosted.org/packages/fe/75/af448d8e52bf1d8fa6a9d089ca6c07ff4453d86c65c145d0a300bb073b9b/rich-14.1.0.tar.gz", hash = "sha256:e497a48b844b0320d45007cdebfeaeed8db2a4f4bcf49f15e455cfc4af11eaa8", size = 224441, upload-time = "2025-07-25T07:32:58.125Z" }
wheels = [
    { url = "https://files.pythonhosted.org/packages/e3/30/3c4d035596d3cf444529e0b2953ad0466f6049528a879d27534700580395/rich-14.1.0-py3-none-any.whl", hash = "sha256:536f5f1785986d6dbdea3c75205c473f970777b4a0d6c6dd1b696aa05a3fa04f", size = 243368, upload-time = "2025-07-25T07:32:56.73Z" },
]

[[package]]
name = "ruamel-yaml"
version = "0.18.15"
source = { registry = "https://pypi.org/simple" }
dependencies = [
    { name = "ruamel-yaml-clib", marker = "platform_python_implementation == 'CPython'" },
]
sdist = { url = "https://files.pythonhosted.org/packages/3e/db/f3950f5e5031b618aae9f423a39bf81a55c148aecd15a34527898e752cf4/ruamel.yaml-0.18.15.tar.gz", hash = "sha256:dbfca74b018c4c3fba0b9cc9ee33e53c371194a9000e694995e620490fd40700", size = 146865, upload-time = "2025-08-19T11:15:10.694Z" }
wheels = [
    { url = "https://files.pythonhosted.org/packages/d1/e5/f2a0621f1781b76a38194acae72f01e37b1941470407345b6e8653ad7640/ruamel.yaml-0.18.15-py3-none-any.whl", hash = "sha256:148f6488d698b7a5eded5ea793a025308b25eca97208181b6a026037f391f701", size = 119702, upload-time = "2025-08-19T11:15:07.696Z" },
]

[[package]]
name = "ruamel-yaml-clib"
version = "0.2.12"
source = { registry = "https://pypi.org/simple" }
sdist = { url = "https://files.pythonhosted.org/packages/20/84/80203abff8ea4993a87d823a5f632e4d92831ef75d404c9fc78d0176d2b5/ruamel.yaml.clib-0.2.12.tar.gz", hash = "sha256:6c8fbb13ec503f99a91901ab46e0b07ae7941cd527393187039aec586fdfd36f", size = 225315, upload-time = "2024-10-20T10:10:56.22Z" }
wheels = [
    { url = "https://files.pythonhosted.org/packages/fb/8f/683c6ad562f558cbc4f7c029abcd9599148c51c54b5ef0f24f2638da9fbb/ruamel.yaml.clib-0.2.12-cp311-cp311-macosx_13_0_arm64.whl", hash = "sha256:4a6679521a58256a90b0d89e03992c15144c5f3858f40d7c18886023d7943db6", size = 132224, upload-time = "2024-10-20T10:12:45.162Z" },
    { url = "https://files.pythonhosted.org/packages/3c/d2/b79b7d695e2f21da020bd44c782490578f300dd44f0a4c57a92575758a76/ruamel.yaml.clib-0.2.12-cp311-cp311-manylinux2014_aarch64.whl", hash = "sha256:d84318609196d6bd6da0edfa25cedfbabd8dbde5140a0a23af29ad4b8f91fb1e", size = 641480, upload-time = "2024-10-20T10:12:46.758Z" },
    { url = "https://files.pythonhosted.org/packages/68/6e/264c50ce2a31473a9fdbf4fa66ca9b2b17c7455b31ef585462343818bd6c/ruamel.yaml.clib-0.2.12-cp311-cp311-manylinux_2_17_x86_64.manylinux2014_x86_64.whl", hash = "sha256:bb43a269eb827806502c7c8efb7ae7e9e9d0573257a46e8e952f4d4caba4f31e", size = 739068, upload-time = "2024-10-20T10:12:48.605Z" },
    { url = "https://files.pythonhosted.org/packages/86/29/88c2567bc893c84d88b4c48027367c3562ae69121d568e8a3f3a8d363f4d/ruamel.yaml.clib-0.2.12-cp311-cp311-manylinux_2_5_i686.manylinux1_i686.manylinux_2_17_i686.manylinux2014_i686.whl", hash = "sha256:811ea1594b8a0fb466172c384267a4e5e367298af6b228931f273b111f17ef52", size = 703012, upload-time = "2024-10-20T10:12:51.124Z" },
    { url = "https://files.pythonhosted.org/packages/11/46/879763c619b5470820f0cd6ca97d134771e502776bc2b844d2adb6e37753/ruamel.yaml.clib-0.2.12-cp311-cp311-musllinux_1_1_i686.whl", hash = "sha256:cf12567a7b565cbf65d438dec6cfbe2917d3c1bdddfce84a9930b7d35ea59642", size = 704352, upload-time = "2024-10-21T11:26:41.438Z" },
    { url = "https://files.pythonhosted.org/packages/02/80/ece7e6034256a4186bbe50dee28cd032d816974941a6abf6a9d65e4228a7/ruamel.yaml.clib-0.2.12-cp311-cp311-musllinux_1_1_x86_64.whl", hash = "sha256:7dd5adc8b930b12c8fc5b99e2d535a09889941aa0d0bd06f4749e9a9397c71d2", size = 737344, upload-time = "2024-10-21T11:26:43.62Z" },
    { url = "https://files.pythonhosted.org/packages/f0/ca/e4106ac7e80efbabdf4bf91d3d32fc424e41418458251712f5672eada9ce/ruamel.yaml.clib-0.2.12-cp311-cp311-musllinux_1_2_aarch64.whl", hash = "sha256:1492a6051dab8d912fc2adeef0e8c72216b24d57bd896ea607cb90bb0c4981d3", size = 714498, upload-time = "2024-12-11T19:58:15.592Z" },
    { url = "https://files.pythonhosted.org/packages/67/58/b1f60a1d591b771298ffa0428237afb092c7f29ae23bad93420b1eb10703/ruamel.yaml.clib-0.2.12-cp311-cp311-win32.whl", hash = "sha256:bd0a08f0bab19093c54e18a14a10b4322e1eacc5217056f3c063bd2f59853ce4", size = 100205, upload-time = "2024-10-20T10:12:52.865Z" },
    { url = "https://files.pythonhosted.org/packages/b4/4f/b52f634c9548a9291a70dfce26ca7ebce388235c93588a1068028ea23fcc/ruamel.yaml.clib-0.2.12-cp311-cp311-win_amd64.whl", hash = "sha256:a274fb2cb086c7a3dea4322ec27f4cb5cc4b6298adb583ab0e211a4682f241eb", size = 118185, upload-time = "2024-10-20T10:12:54.652Z" },
]

[[package]]
name = "shtab"
version = "1.7.2"
source = { registry = "https://pypi.org/simple" }
sdist = { url = "https://files.pythonhosted.org/packages/5a/3e/837067b970c1d2ffa936c72f384a63fdec4e186b74da781e921354a94024/shtab-1.7.2.tar.gz", hash = "sha256:8c16673ade76a2d42417f03e57acf239bfb5968e842204c17990cae357d07d6f", size = 45751, upload-time = "2025-04-12T20:28:03.271Z" }
wheels = [
    { url = "https://files.pythonhosted.org/packages/74/03/3271b7bb470fbab4adf5bd30b0d32143909d96f3608d815b447357f47f2b/shtab-1.7.2-py3-none-any.whl", hash = "sha256:858a5805f6c137bb0cda4f282d27d08fd44ca487ab4a6a36d2a400263cd0b5c1", size = 14214, upload-time = "2025-04-12T20:28:01.82Z" },
]

[[package]]
name = "typeguard"
version = "4.4.4"
source = { registry = "https://pypi.org/simple" }
dependencies = [
    { name = "typing-extensions" },
]
sdist = { url = "https://files.pythonhosted.org/packages/c7/68/71c1a15b5f65f40e91b65da23b8224dad41349894535a97f63a52e462196/typeguard-4.4.4.tar.gz", hash = "sha256:3a7fd2dffb705d4d0efaed4306a704c89b9dee850b688f060a8b1615a79e5f74", size = 75203, upload-time = "2025-06-18T09:56:07.624Z" }
wheels = [
    { url = "https://files.pythonhosted.org/packages/1b/a9/e3aee762739c1d7528da1c3e06d518503f8b6c439c35549b53735ba52ead/typeguard-4.4.4-py3-none-any.whl", hash = "sha256:b5f562281b6bfa1f5492470464730ef001646128b180769880468bd84b68b09e", size = 34874, upload-time = "2025-06-18T09:56:05.999Z" },
]

[[package]]
name = "typing-extensions"
version = "4.15.0"
source = { registry = "https://pypi.org/simple" }
sdist = { url = "https://files.pythonhosted.org/packages/72/94/1a15dd82efb362ac84269196e94cf00f187f7ed21c242792a923cdb1c61f/typing_extensions-4.15.0.tar.gz", hash = "sha256:0cea48d173cc12fa28ecabc3b837ea3cf6f38c6d1136f85cbaaf598984861466", size = 109391, upload-time = "2025-08-25T13:49:26.313Z" }
wheels = [
    { url = "https://files.pythonhosted.org/packages/18/67/36e9267722cc04a6b9f15c7f3441c2363321a3ea07da7ae0c0707beb2a9c/typing_extensions-4.15.0-py3-none-any.whl", hash = "sha256:f0fa19c6845758ab08074a0cfa8b7aecb71c999ca73d62883bc25cc018c4e548", size = 44614, upload-time = "2025-08-25T13:49:24.86Z" },
]

[[package]]
name = "tyro"
version = "0.9.31"
source = { registry = "https://pypi.org/simple" }
dependencies = [
    { name = "colorama", marker = "sys_platform == 'win32'" },
    { name = "docstring-parser" },
    { name = "rich" },
    { name = "shtab" },
    { name = "typeguard" },
    { name = "typing-extensions" },
]
sdist = { url = "https://files.pythonhosted.org/packages/b0/68/807bb16fdf4fe5cdfd70f6e90b0fd78f0d11bee815996ce5c9ae864b3ee1/tyro-0.9.31.tar.gz", hash = "sha256:e858b21f4d179db9fb52b292d3a544aca0bb439399bd59f1943cf96382f15a68", size = 319632, upload-time = "2025-08-30T21:17:35.674Z" }
wheels = [
    { url = "https://files.pythonhosted.org/packages/9b/c6/c808aed7b41ddb7b25427d53185c12df3daea76a295d061a3c58ac61a313/tyro-0.9.31-py3-none-any.whl", hash = "sha256:565305246fbfe7c288b7c44d5af58782a582b885c662ff223e9933779c1c10a3", size = 131681, upload-time = "2025-08-30T21:17:34.534Z" },
]

[[package]]
name = "urllib3"
version = "2.5.0"
source = { registry = "https://pypi.org/simple" }
sdist = { url = "https://files.pythonhosted.org/packages/15/22/9ee70a2574a4f4599c47dd506532914ce044817c7752a79b6a51286319bc/urllib3-2.5.0.tar.gz", hash = "sha256:3fc47733c7e419d4bc3f6b3dc2b4f890bb743906a30d56ba4a5bfa4bbff92760", size = 393185, upload-time = "2025-06-18T14:07:41.644Z" }
wheels = [
    { url = "https://files.pythonhosted.org/packages/a7/c2/fe1e52489ae3122415c51f387e221dd0773709bad6c6cdaa599e8a2c5185/urllib3-2.5.0-py3-none-any.whl", hash = "sha256:e6b01673c0fa6a13e374b50871808eb3bf7046c4b125b216f6bf1cc604cff0dc", size = 129795, upload-time = "2025-06-18T14:07:40.39Z" },
]

[[package]]
name = "zstandard"
version = "0.24.0"
source = { registry = "https://pypi.org/simple" }
sdist = { url = "https://files.pythonhosted.org/packages/09/1b/c20b2ef1d987627765dcd5bf1dadb8ef6564f00a87972635099bb76b7a05/zstandard-0.24.0.tar.gz", hash = "sha256:fe3198b81c00032326342d973e526803f183f97aa9e9a98e3f897ebafe21178f", size = 905681, upload-time = "2025-08-17T18:36:36.352Z" }
wheels = [
    { url = "https://files.pythonhosted.org/packages/01/1f/5c72806f76043c0ef9191a2b65281dacdf3b65b0828eb13bb2c987c4fb90/zstandard-0.24.0-cp311-cp311-macosx_10_9_x86_64.whl", hash = "sha256:addfc23e3bd5f4b6787b9ca95b2d09a1a67ad5a3c318daaa783ff90b2d3a366e", size = 795228, upload-time = "2025-08-17T18:21:46.978Z" },
    { url = "https://files.pythonhosted.org/packages/0b/ba/3059bd5cd834666a789251d14417621b5c61233bd46e7d9023ea8bc1043a/zstandard-0.24.0-cp311-cp311-macosx_11_0_arm64.whl", hash = "sha256:6b005bcee4be9c3984b355336283afe77b2defa76ed6b89332eced7b6fa68b68", size = 640520, upload-time = "2025-08-17T18:21:48.162Z" },
    { url = "https://files.pythonhosted.org/packages/57/07/f0e632bf783f915c1fdd0bf68614c4764cae9dd46ba32cbae4dd659592c3/zstandard-0.24.0-cp311-cp311-manylinux2010_i686.manylinux2014_i686.manylinux_2_12_i686.manylinux_2_17_i686.whl", hash = "sha256:3f96a9130171e01dbb6c3d4d9925d604e2131a97f540e223b88ba45daf56d6fb", size = 5347682, upload-time = "2025-08-17T18:21:50.266Z" },
    { url = "https://files.pythonhosted.org/packages/a6/4c/63523169fe84773a7462cd090b0989cb7c7a7f2a8b0a5fbf00009ba7d74d/zstandard-0.24.0-cp311-cp311-manylinux2014_aarch64.manylinux_2_17_aarch64.whl", hash = "sha256:cd0d3d16e63873253bad22b413ec679cf6586e51b5772eb10733899832efec42", size = 5057650, upload-time = "2025-08-17T18:21:52.634Z" },
    { url = "https://files.pythonhosted.org/packages/c6/16/49013f7ef80293f5cebf4c4229535a9f4c9416bbfd238560edc579815dbe/zstandard-0.24.0-cp311-cp311-manylinux2014_ppc64le.manylinux_2_17_ppc64le.whl", hash = "sha256:b7a8c30d9bf4bd5e4dcfe26900bef0fcd9749acde45cdf0b3c89e2052fda9a13", size = 5404893, upload-time = "2025-08-17T18:21:54.54Z" },
    { url = "https://files.pythonhosted.org/packages/4d/38/78e8bcb5fc32a63b055f2b99e0be49b506f2351d0180173674f516cf8a7a/zstandard-0.24.0-cp311-cp311-manylinux2014_s390x.manylinux_2_17_s390x.whl", hash = "sha256:52cd7d9fa0a115c9446abb79b06a47171b7d916c35c10e0c3aa6f01d57561382", size = 5452389, upload-time = "2025-08-17T18:21:56.822Z" },
    { url = "https://files.pythonhosted.org/packages/55/8a/81671f05619edbacd49bd84ce6899a09fc8299be20c09ae92f6618ccb92d/zstandard-0.24.0-cp311-cp311-manylinux2014_x86_64.manylinux_2_17_x86_64.whl", hash = "sha256:a0f6fc2ea6e07e20df48752e7700e02e1892c61f9a6bfbacaf2c5b24d5ad504b", size = 5558888, upload-time = "2025-08-17T18:21:58.68Z" },
    { url = "https://files.pythonhosted.org/packages/49/cc/e83feb2d7d22d1f88434defbaeb6e5e91f42a4f607b5d4d2d58912b69d67/zstandard-0.24.0-cp311-cp311-musllinux_1_1_aarch64.whl", hash = "sha256:e46eb6702691b24ddb3e31e88b4a499e31506991db3d3724a85bd1c5fc3cfe4e", size = 5048038, upload-time = "2025-08-17T18:22:00.642Z" },
    { url = "https://files.pythonhosted.org/packages/08/c3/7a5c57ff49ef8943877f85c23368c104c2aea510abb339a2dc31ad0a27c3/zstandard-0.24.0-cp311-cp311-musllinux_1_1_x86_64.whl", hash = "sha256:d5e3b9310fd7f0d12edc75532cd9a56da6293840c84da90070d692e0bb15f186", size = 5573833, upload-time = "2025-08-17T18:22:02.402Z" },
    { url = "https://files.pythonhosted.org/packages/f9/00/64519983cd92535ba4bdd4ac26ac52db00040a52d6c4efb8d1764abcc343/zstandard-0.24.0-cp311-cp311-musllinux_1_2_aarch64.whl", hash = "sha256:76cdfe7f920738ea871f035568f82bad3328cbc8d98f1f6988264096b5264efd", size = 4961072, upload-time = "2025-08-17T18:22:04.384Z" },
    { url = "https://files.pythonhosted.org/packages/72/ab/3a08a43067387d22994fc87c3113636aa34ccd2914a4d2d188ce365c5d85/zstandard-0.24.0-cp311-cp311-musllinux_1_2_i686.whl", hash = "sha256:3f2fe35ec84908dddf0fbf66b35d7c2878dbe349552dd52e005c755d3493d61c", size = 5268462, upload-time = "2025-08-17T18:22:06.095Z" },
    { url = "https://files.pythonhosted.org/packages/49/cf/2abb3a1ad85aebe18c53e7eca73223f1546ddfa3bf4d2fb83fc5a064c5ca/zstandard-0.24.0-cp311-cp311-musllinux_1_2_ppc64le.whl", hash = "sha256:aa705beb74ab116563f4ce784fa94771f230c05d09ab5de9c397793e725bb1db", size = 5443319, upload-time = "2025-08-17T18:22:08.572Z" },
    { url = "https://files.pythonhosted.org/packages/40/42/0dd59fc2f68f1664cda11c3b26abdf987f4e57cb6b6b0f329520cd074552/zstandard-0.24.0-cp311-cp311-musllinux_1_2_s390x.whl", hash = "sha256:aadf32c389bb7f02b8ec5c243c38302b92c006da565e120dfcb7bf0378f4f848", size = 5822355, upload-time = "2025-08-17T18:22:10.537Z" },
    { url = "https://files.pythonhosted.org/packages/99/c0/ea4e640fd4f7d58d6f87a1e7aca11fb886ac24db277fbbb879336c912f63/zstandard-0.24.0-cp311-cp311-musllinux_1_2_x86_64.whl", hash = "sha256:e40cd0fc734aa1d4bd0e7ad102fd2a1aefa50ce9ef570005ffc2273c5442ddc3", size = 5365257, upload-time = "2025-08-17T18:22:13.159Z" },
    { url = "https://files.pythonhosted.org/packages/27/a9/92da42a5c4e7e4003271f2e1f0efd1f37cfd565d763ad3604e9597980a1c/zstandard-0.24.0-cp311-cp311-win32.whl", hash = "sha256:cda61c46343809ecda43dc620d1333dd7433a25d0a252f2dcc7667f6331c7b61", size = 435559, upload-time = "2025-08-17T18:22:17.29Z" },
    { url = "https://files.pythonhosted.org/packages/e2/8e/2c8e5c681ae4937c007938f954a060fa7c74f36273b289cabdb5ef0e9a7e/zstandard-0.24.0-cp311-cp311-win_amd64.whl", hash = "sha256:3b95fc06489aa9388400d1aab01a83652bc040c9c087bd732eb214909d7fb0dd", size = 505070, upload-time = "2025-08-17T18:22:14.808Z" },
    { url = "https://files.pythonhosted.org/packages/52/10/a2f27a66bec75e236b575c9f7b0d7d37004a03aa2dcde8e2decbe9ed7b4d/zstandard-0.24.0-cp311-cp311-win_arm64.whl", hash = "sha256:ad9fd176ff6800a0cf52bcf59c71e5de4fa25bf3ba62b58800e0f84885344d34", size = 461507, upload-time = "2025-08-17T18:22:15.964Z" },
]
